
Microsoft Visual Studio Solution File, Format Version 12.00
# Visual Studio Version 17
VisualStudioVersion = 17.14.36212.18 d17.14
MinimumVisualStudioVersion = 10.0.40219.1
Project("{FAE04EC0-301F-11D3-BF4B-00C04F79EFBC}") = "dsa exercise2", "dsa exercise2\dsa exercise2.csproj", "{5C4BC685-0CD8-43A2-BC5E-0F695A07C105}"
EndProject
Global
	GlobalSection(SolutionConfigurationPlatforms) = preSolution
		Debug|Any CPU = Debug|Any CPU
		Release|Any CPU = Release|Any CPU
	EndGlobalSection
	GlobalSection(ProjectConfigurationPlatforms) = postSolution
		{5C4BC685-0CD8-43A2-BC5E-0F695A07C105}.Debug|Any CPU.ActiveCfg = Debug|Any CPU
		{5C4BC685-0CD8-43A2-BC5E-0F695A07C105}.Debug|Any CPU.Build.0 = Debug|Any CPU
		{5C4BC685-0CD8-43A2-BC5E-0F695A07C105}.Release|Any CPU.ActiveCfg = Release|Any CPU
		{5C4BC685-0CD8-43A2-BC5E-0F695A07C105}.Release|Any CPU.Build.0 = Release|Any CPU
	EndGlobalSection
	GlobalSection(SolutionProperties) = preSolution
		HideSolutionNode = FALSE
	EndGlobalSection
	GlobalSection(ExtensibilityGlobals) = postSolution
		SolutionGuid = {113C3BAE-716A-45AC-B453-085CC4FD192E}
	EndGlobalSection
EndGlobal
