
Microsoft Visual Studio Solution File, Format Version 12.00
# Visual Studio Version 17
VisualStudioVersion = 17.14.36221.1 d17.14
MinimumVisualStudioVersion = 10.0.40219.1
Project("{FAE04EC0-301F-11D3-BF4B-00C04F79EFBC}") = "KafkaChatProducer", "KafkaChatProducer\KafkaChatProducer.csproj", "{EC68006F-D5AA-4469-994B-2902E216B359}"
EndProject
Global
	GlobalSection(SolutionConfigurationPlatforms) = preSolution
		Debug|Any CPU = Debug|Any CPU
		Release|Any CPU = Release|Any CPU
	EndGlobalSection
	GlobalSection(ProjectConfigurationPlatforms) = postSolution
		{EC68006F-D5AA-4469-994B-2902E216B359}.Debug|Any CPU.ActiveCfg = Debug|Any CPU
		{EC68006F-D5AA-4469-994B-2902E216B359}.Debug|Any CPU.Build.0 = Debug|Any CPU
		{EC68006F-D5AA-4469-994B-2902E216B359}.Release|Any CPU.ActiveCfg = Release|Any CPU
		{EC68006F-D5AA-4469-994B-2902E216B359}.Release|Any CPU.Build.0 = Release|Any CPU
	EndGlobalSection
	GlobalSection(SolutionProperties) = preSolution
		HideSolutionNode = FALSE
	EndGlobalSection
	GlobalSection(ExtensibilityGlobals) = postSolution
		SolutionGuid = {2CF2EF94-3C6E-45CF-B3BC-996263D04A98}
	EndGlobalSection
EndGlobal
